
Microsoft Visual Studio Solution File, Format Version 12.00
# Visual Studio Version 16
VisualStudioVersion = 16.0.30804.86
MinimumVisualStudioVersion = 10.0.40219.1
Project("{FAE04EC0-301F-11D3-BF4B-00C04F79EFBC}") = "DevopsDemo", "DevopsDemo.csproj", "{798959E5-07FE-4F23-B6B1-A94DD6015502}"
EndProject
Global
	GlobalSection(SolutionConfigurationPlatforms) = preSolution
		Debug|Any CPU = Debug|Any CPU
		Release|Any CPU = Release|Any CPU
	EndGlobalSection
	GlobalSection(ProjectConfigurationPlatforms) = postSolution
		{798959E5-07FE-4F23-B6B1-A94DD6015502}.Debug|Any CPU.ActiveCfg = Debug|Any CPU
		{798959E5-07FE-4F23-B6B1-A94DD6015502}.Debug|Any CPU.Build.0 = Debug|Any CPU
		{798959E5-07FE-4F23-B6B1-A94DD6015502}.Release|Any CPU.ActiveCfg = Release|Any CPU
		{798959E5-07FE-4F23-B6B1-A94DD6015502}.Release|Any CPU.Build.0 = Release|Any CPU
	EndGlobalSection
	GlobalSection(SolutionProperties) = preSolution
		HideSolutionNode = FALSE
	EndGlobalSection
	GlobalSection(ExtensibilityGlobals) = postSolution
		SolutionGuid = {F9AE2E3E-7DEB-434C-9FCA-F60B0932F504}
	EndGlobalSection
EndGlobal
